
Microsoft Visual Studio Solution File, Format Version 12.00
# Visual Studio 15
VisualStudioVersion = 15.0.27703.2018
MinimumVisualStudioVersion = 10.0.40219.1
Project("{FAE04EC0-301F-11D3-BF4B-00C04F79EFBC}") = "candyStore", "candyStore\candyStore.csproj", "{26AD7D66-F217-48D0-AAE7-0AE5893C93EB}"
EndProject
Global
	GlobalSection(SolutionConfigurationPlatforms) = preSolution
		Debug|Any CPU = Debug|Any CPU
		Release|Any CPU = Release|Any CPU
	EndGlobalSection
	GlobalSection(ProjectConfigurationPlatforms) = postSolution
		{26AD7D66-F217-48D0-AAE7-0AE5893C93EB}.Debug|Any CPU.ActiveCfg = Debug|Any CPU
		{26AD7D66-F217-48D0-AAE7-0AE5893C93EB}.Debug|Any CPU.Build.0 = Debug|Any CPU
		{26AD7D66-F217-48D0-AAE7-0AE5893C93EB}.Release|Any CPU.ActiveCfg = Release|Any CPU
		{26AD7D66-F217-48D0-AAE7-0AE5893C93EB}.Release|Any CPU.Build.0 = Release|Any CPU
	EndGlobalSection
	GlobalSection(SolutionProperties) = preSolution
		HideSolutionNode = FALSE
	EndGlobalSection
	GlobalSection(ExtensibilityGlobals) = postSolution
		SolutionGuid = {BDD34874-E3BE-407D-BC22-750D2E51DC09}
	EndGlobalSection
EndGlobal
